
Microsoft Visual Studio Solution File, Format Version 12.00
# Visual Studio Version 16
VisualStudioVersion = 16.0.30309.148
MinimumVisualStudioVersion = 10.0.40219.1
Project("{FAE04EC0-301F-11D3-BF4B-00C04F79EFBC}") = "WebApplication23", "WebApplication23\WebApplication23.csproj", "{EE1B479E-2B02-49E2-8DA7-BBE1BC9B3245}"
EndProject
Global
	GlobalSection(SolutionConfigurationPlatforms) = preSolution
		Debug|Any CPU = Debug|Any CPU
		Release|Any CPU = Release|Any CPU
	EndGlobalSection
	GlobalSection(ProjectConfigurationPlatforms) = postSolution
		{EE1B479E-2B02-49E2-8DA7-BBE1BC9B3245}.Debug|Any CPU.ActiveCfg = Debug|Any CPU
		{EE1B479E-2B02-49E2-8DA7-BBE1BC9B3245}.Debug|Any CPU.Build.0 = Debug|Any CPU
		{EE1B479E-2B02-49E2-8DA7-BBE1BC9B3245}.Release|Any CPU.ActiveCfg = Release|Any CPU
		{EE1B479E-2B02-49E2-8DA7-BBE1BC9B3245}.Release|Any CPU.Build.0 = Release|Any CPU
	EndGlobalSection
	GlobalSection(SolutionProperties) = preSolution
		HideSolutionNode = FALSE
	EndGlobalSection
	GlobalSection(ExtensibilityGlobals) = postSolution
		SolutionGuid = {8DA1CE2E-62A4-4200-81D0-F93669618A8B}
	EndGlobalSection
EndGlobal
